# This file is automatically @generated by Cargo.
# It is not intended for manual editing.
version = 4

[[package]]
name = "accessor"
version = "0.3.3"
source = "registry+https://github.com/rust-lang/crates.io-index"
checksum = "bd8b2abd55bf1f9cffbf00fd594566c51a9d31402553284920c1309ca8351086"

[[package]]
name = "acpi"
version = "5.2.0"
source = "registry+https://github.com/rust-lang/crates.io-index"
checksum = "94476c7ef97af4c4d998b3f422c1b01d5211aad57c80ed200baf148d1f1efab6"
dependencies = [
 "bit_field",
 "bitflags 2.10.0",
 "log",
]

[[package]]
name = "ahci"
version = "0.1.0"
dependencies = [
 "framebuffer",
 "memory",
 "pci",
]

[[package]]
name = "autocfg"
version = "1.5.0"
source = "registry+https://github.com/rust-lang/crates.io-index"
checksum = "c08606f8c3cbf4ce6ec8e28fb0014a2c086708fe954eaa885384a6165172e7e8"

[[package]]
name = "bare_x86_64"
version = "0.1.0"

[[package]]
name = "bit_field"
version = "0.10.3"
source = "registry+https://github.com/rust-lang/crates.io-index"
checksum = "1e4b40c7323adcfc0a41c4b88143ed58346ff65a288fc144329c5c45e05d70c6"

[[package]]
name = "bitfield"
version = "0.19.4"
source = "registry+https://github.com/rust-lang/crates.io-index"
checksum = "21ba6517c6b0f2bf08be60e187ab64b038438f22dd755614d8fe4d4098c46419"
dependencies = [
 "bitfield-macros",
]

[[package]]
name = "bitfield-macros"
version = "0.19.4"
source = "registry+https://github.com/rust-lang/crates.io-index"
checksum = "f48d6ace212fdf1b45fd6b566bb40808415344642b76c3224c07c8df9da81e97"
dependencies = [
 "proc-macro2",
 "quote",
 "syn 2.0.117",
]

[[package]]
name = "bitflags"
version = "1.3.2"
source = "registry+https://github.com/rust-lang/crates.io-index"
checksum = "bef38d45163c2f1dde094a7dfd33ccf595c92905c8f8f4fdc18d06fb1037718a"

[[package]]
name = "bitflags"
version = "2.10.0"
source = "registry+https://github.com/rust-lang/crates.io-index"
checksum = "812e12b5285cc515a9c72a5c1d3b6d46a19dac5acfef5265968c166106e31dd3"

[[package]]
name = "cc"
version = "1.2.43"
source = "registry+https://github.com/rust-lang/crates.io-index"
checksum = "739eb0f94557554b3ca9a86d2d37bebd49c5e6d0c1d2bda35ba5bdac830befc2"
dependencies = [
 "find-msvc-tools",
 "shlex",
]

[[package]]
name = "const_fn"
version = "0.4.11"
source = "registry+https://github.com/rust-lang/crates.io-index"
checksum = "2f8a2ca5ac02d09563609681103aada9e1777d54fc57a5acd7a41404f9c93b6e"

[[package]]
name = "eucalypt_fs"
version = "0.1.0"
dependencies = [
 "ahci",
 "framebuffer",
 "ide",
]

[[package]]
name = "eucalypt_os"
version = "0.1.0"
dependencies = [
 "ahci",
 "bare_x86_64",
 "cc",
 "eucalypt_fs",
 "fat12",
 "framebuffer",
 "ide",
 "limine",
 "memory",
 "pci",
 "pic8259",
 "process",
 "sched",
 "spin",
 "syscall",
 "uart_16550",
 "usb",
 "vfs",
 "x86_64",
]

[[package]]
name = "ez_pci"
version = "1.2.0"
source = "registry+https://github.com/rust-lang/crates.io-index"
checksum = "3ad3d51133e66358adf63f89d2cd77e725c0ba898f21c8e33df6cb5f38b8bb33"
dependencies = [
 "acpi",
 "bitfield",
 "num_enum",
 "volatile 0.6.1",
 "x86_64",
]

[[package]]
name = "fat12"
version = "0.1.0"
dependencies = [
 "framebuffer",
 "ide",
]

[[package]]
name = "find-msvc-tools"
version = "0.1.4"
source = "registry+https://github.com/rust-lang/crates.io-index"
checksum = "52051878f80a721bb68ebfbc930e07b65ba72f2da88968ea5c06fd6ca3d3a127"

[[package]]
name = "framebuffer"
version = "0.1.1"

[[package]]
name = "ide"
version = "0.1.0"
dependencies = [
 "bare_x86_64",
 "framebuffer",
 "spin",
]

[[package]]
name = "limine"
version = "0.5.0"
source = "registry+https://github.com/rust-lang/crates.io-index"
checksum = "af6d2ee42712e7bd2c787365cd1dab06ef59a61becbf87bec7b32b970bd2594b"
dependencies = [
 "bitflags 2.10.0",
]

[[package]]
name = "lock_api"
version = "0.4.14"
source = "registry+https://github.com/rust-lang/crates.io-index"
checksum = "224399e74b87b5f3557511d98dff8b14089b3dadafcab6bb93eab67d3aace965"
dependencies = [
 "scopeguard",
]

[[package]]
name = "log"
version = "0.4.29"
source = "registry+https://github.com/rust-lang/crates.io-index"
checksum = "5e5032e24019045c762d3c0f28f5b6b8bbf38563a65908389bf7978758920897"

[[package]]
name = "memory"
version = "0.1.0"
dependencies = [
 "framebuffer",
 "limine",
]

[[package]]
name = "num-derive"
version = "0.3.3"
source = "registry+https://github.com/rust-lang/crates.io-index"
checksum = "876a53fff98e03a936a674b29568b0e605f06b29372c2489ff4de23f1949743d"
dependencies = [
 "proc-macro2",
 "quote",
 "syn 1.0.109",
]

[[package]]
name = "num-traits"
version = "0.2.19"
source = "registry+https://github.com/rust-lang/crates.io-index"
checksum = "071dfc062690e90b734c0b2273ce72ad0ffa95f0c74596bc250dcfd960262841"
dependencies = [
 "autocfg",
]

[[package]]
name = "num_enum"
version = "0.7.5"
source = "registry+https://github.com/rust-lang/crates.io-index"
checksum = "b1207a7e20ad57b847bbddc6776b968420d38292bbfe2089accff5e19e82454c"
dependencies = [
 "num_enum_derive",
 "rustversion",
]

[[package]]
name = "num_enum_derive"
version = "0.7.5"
source = "registry+https://github.com/rust-lang/crates.io-index"
checksum = "ff32365de1b6743cb203b710788263c44a03de03802daf96092f2da4fe6ba4d7"
dependencies = [
 "proc-macro2",
 "quote",
 "syn 2.0.117",
]

[[package]]
name = "paste"
version = "1.0.15"
source = "registry+https://github.com/rust-lang/crates.io-index"
checksum = "57c0d7b74b563b49d38dae00a0c37d4d6de9b432382b2892f0574ddcae73fd0a"

[[package]]
name = "pci"
version = "0.1.0"
dependencies = [
 "bare_x86_64",
 "ez_pci",
 "framebuffer",
]

[[package]]
name = "pic8259"
version = "0.11.0"
source = "registry+https://github.com/rust-lang/crates.io-index"
checksum = "62d9a86c292b165f757e47e7fd66855def189b2564609bc4203727b27c33db22"
dependencies = [
 "x86_64",
]

[[package]]
name = "proc-macro2"
version = "1.0.105"
source = "registry+https://github.com/rust-lang/crates.io-index"
checksum = "535d180e0ecab6268a3e718bb9fd44db66bbbc256257165fc699dadf70d16fe7"
dependencies = [
 "unicode-ident",
]

[[package]]
name = "process"
version = "0.1.0"
dependencies = [
 "framebuffer",
 "memory",
]

[[package]]
name = "quote"
version = "1.0.43"
source = "registry+https://github.com/rust-lang/crates.io-index"
checksum = "dc74d9a594b72ae6656596548f56f667211f8a97b3d4c3d467150794690dc40a"
dependencies = [
 "proc-macro2",
]

[[package]]
name = "raw-cpuid"
version = "10.7.0"
source = "registry+https://github.com/rust-lang/crates.io-index"
checksum = "6c297679cb867470fa8c9f67dbba74a78d78e3e98d7cf2b08d6d71540f797332"
dependencies = [
 "bitflags 1.3.2",
]

[[package]]
name = "rustversion"
version = "1.0.22"
source = "registry+https://github.com/rust-lang/crates.io-index"
checksum = "b39cdef0fa800fc44525c84ccb54a029961a8215f9619753635a9c0d2538d46d"

[[package]]
name = "sched"
version = "0.1.0"
dependencies = [
 "framebuffer",
 "memory",
 "process",
]

[[package]]
name = "scopeguard"
version = "1.2.0"
source = "registry+https://github.com/rust-lang/crates.io-index"
checksum = "94143f37725109f92c262ed2cf5e59bce7498c01bcc1502d7b9afe439a4e9f49"

[[package]]
name = "shlex"
version = "1.3.0"
source = "registry+https://github.com/rust-lang/crates.io-index"
checksum = "0fda2ff0d084019ba4d7c6f371c95d8fd75ce3524c3cb8fb653a3023f6323e64"

[[package]]
name = "spin"
version = "0.10.0"
source = "registry+https://github.com/rust-lang/crates.io-index"
checksum = "d5fe4ccb98d9c292d56fec89a5e07da7fc4cf0dc11e156b41793132775d3e591"
dependencies = [
 "lock_api",
]

[[package]]
name = "syn"
version = "1.0.109"
source = "registry+https://github.com/rust-lang/crates.io-index"
checksum = "72b64191b275b66ffe2469e8af2c1cfe3bafa67b529ead792a6d0160888b4237"
dependencies = [
 "proc-macro2",
 "quote",
 "unicode-ident",
]

[[package]]
name = "syn"
version = "2.0.117"
source = "registry+https://github.com/rust-lang/crates.io-index"
checksum = "e665b8803e7b1d2a727f4023456bbbbe74da67099c585258af0ad9c5013b9b99"
dependencies = [
 "proc-macro2",
 "quote",
 "unicode-ident",
]

[[package]]
name = "syscall"
version = "0.1.0"
dependencies = [
 "framebuffer",
 "limine",
 "memory",
 "vfs",
]

[[package]]
name = "uart_16550"
version = "0.4.0"
source = "registry+https://github.com/rust-lang/crates.io-index"
checksum = "94d293f51425981fdb1b766beae254dbb711a17e8c4b549dc69b9b7ee0d478d5"
dependencies = [
 "bitflags 2.10.0",
 "rustversion",
 "x86",
]

[[package]]
name = "unicode-ident"
version = "1.0.22"
source = "registry+https://github.com/rust-lang/crates.io-index"
checksum = "9312f7c4f6ff9069b165498234ce8be658059c6728633667c526e27dc2cf1df5"

[[package]]
name = "usb"
version = "0.1.0"
dependencies = [
 "framebuffer",
 "memory",
 "pci",
 "xhci",
]

[[package]]
name = "vfs"
version = "0.1.0"
dependencies = [
 "fat12",
 "spin",
]

[[package]]
name = "volatile"
version = "0.4.6"
source = "registry+https://github.com/rust-lang/crates.io-index"
checksum = "442887c63f2c839b346c192d047a7c87e73d0689c9157b00b53dcc27dd5ea793"

[[package]]
name = "volatile"
version = "0.6.1"
source = "registry+https://github.com/rust-lang/crates.io-index"
checksum = "af8ca9a5d4debca0633e697c88269395493cebf2e10db21ca2dbde37c1356452"
dependencies = [
 "volatile-macro",
]

[[package]]
name = "volatile-macro"
version = "0.6.0"
source = "registry+https://github.com/rust-lang/crates.io-index"
checksum = "65c67ce935f3b4329e473ecaff7bab444fcdc3d1d19f8bae61fabfa90b84f93e"
dependencies = [
 "proc-macro2",
 "quote",
 "syn 2.0.117",
]

[[package]]
name = "x86"
version = "0.52.0"
source = "registry+https://github.com/rust-lang/crates.io-index"
checksum = "2781db97787217ad2a2845c396a5efe286f87467a5810836db6d74926e94a385"
dependencies = [
 "bit_field",
 "bitflags 1.3.2",
 "raw-cpuid",
]

[[package]]
name = "x86_64"
version = "0.15.4"
source = "registry+https://github.com/rust-lang/crates.io-index"
checksum = "f7841fa0098ceb15c567d93d3fae292c49e10a7662b4936d5f6a9728594555ba"
dependencies = [
 "bit_field",
 "bitflags 2.10.0",
 "const_fn",
 "rustversion",
 "volatile 0.4.6",
]

[[package]]
name = "xhci"
version = "0.9.2"
source = "registry+https://github.com/rust-lang/crates.io-index"
checksum = "09f3f0483969259f2adb6524054400d94ac352e59fa37da6c6ca3b9b3d83ff83"
dependencies = [
 "accessor",
 "bit_field",
 "num-derive",
 "num-traits",
 "paste",
]
